// !$*UTF8*$!
{
	archiveVersion = 1;
	classes = {
	};
	objectVersion = 50;
	objects = {

/* Begin PBXBuildFile section */
		1D34A6862445F9FC00882EEE /* AppDelegate.swift in Sources */ = {isa = PBXBuildFile; fileRef = 1D34A6852445F9FC00882EEE /* AppDelegate.swift */; };
		1D34A6882445F9FC00882EEE /* SceneDelegate.swift in Sources */ = {isa = PBXBuildFile; fileRef = 1D34A6872445F9FC00882EEE /* SceneDelegate.swift */; };
		1D34A68A2445F9FC00882EEE /* ContentView.swift in Sources */ = {isa = PBXBuildFile; fileRef = 1D34A6892445F9FC00882EEE /* ContentView.swift */; };
		1D34A68C2445F9FF00882EEE /* BricksAssets.xcassets in Resources */ = {isa = PBXBuildFile; fileRef = 1D34A68B2445F9FF00882EEE /* BricksAssets.xcassets */; };
		1D34A68F2445F9FF00882EEE /* Preview Assets.xcassets in Resources */ = {isa = PBXBuildFile; fileRef = 1D34A68E2445F9FF00882EEE /* Preview Assets.xcassets */; };
		1D34A6922445F9FF00882EEE /* LaunchScreen.storyboard in Resources */ = {isa = PBXBuildFile; fileRef = 1D34A6902445F9FF00882EEE /* LaunchScreen.storyboard */; };
		1D34A69A2448CEA900882EEE /* Typography.swift in Sources */ = {isa = PBXBuildFile; fileRef = 1D34A6992448CEA900882EEE /* Typography.swift */; };
		1DB2E0F5245830DD00FB1DE6 /* Colors.swift in Sources */ = {isa = PBXBuildFile; fileRef = 1DB2E0F4245830DD00FB1DE6 /* Colors.swift */; };
		1DED6064245F335600AD1122 /* Toggles.swift in Sources */ = {isa = PBXBuildFile; fileRef = 1DED6063245F335600AD1122 /* Toggles.swift */; };
		1DED6066245F7A4E00AD1122 /* Checkboxes.swift in Sources */ = {isa = PBXBuildFile; fileRef = 1DED6065245F7A4E00AD1122 /* Checkboxes.swift */; };
		641DA567245E2C7C00B49043 /* TextField.swift in Sources */ = {isa = PBXBuildFile; fileRef = 641DA566245E2C7C00B49043 /* TextField.swift */; };
		64DF075924646C8700EB2879 /* Assets.xcassets in Resources */ = {isa = PBXBuildFile; fileRef = 64DF075824646C8700EB2879 /* Assets.xcassets */; };
		94812A8D2462B25C00E3D105 /* RadioButton.swift in Sources */ = {isa = PBXBuildFile; fileRef = 94812A8C2462B25C00E3D105 /* RadioButton.swift */; };
		94F3F6B2245D9142000BC2C5 /* Buttons.swift in Sources */ = {isa = PBXBuildFile; fileRef = 94F3F6B1245D9142000BC2C5 /* Buttons.swift */; };
		C81C44722463EA7E0037B0B2 /* GroupButtonStyle.swift in Sources */ = {isa = PBXBuildFile; fileRef = C81C44712463EA7E0037B0B2 /* GroupButtonStyle.swift */; };
		C81C44742463ECC30037B0B2 /* GroupButtonStyle+Extensions.swift in Sources */ = {isa = PBXBuildFile; fileRef = C81C44732463ECC30037B0B2 /* GroupButtonStyle+Extensions.swift */; };
		C8D15B8E245CB6FC004B1843 /* Images.swift in Sources */ = {isa = PBXBuildFile; fileRef = C8D15B8D245CB6FC004B1843 /* Images.swift */; };
		C8D15B90245CC7FA004B1843 /* RoundedCorner.swift in Sources */ = {isa = PBXBuildFile; fileRef = C8D15B8F245CC7FA004B1843 /* RoundedCorner.swift */; };
/* End PBXBuildFile section */

/* Begin PBXFileReference section */
		1D34A6822445F9FC00882EEE /* BricksUI.app */ = {isa = PBXFileReference; explicitFileType = wrapper.application; includeInIndex = 0; path = BricksUI.app; sourceTree = BUILT_PRODUCTS_DIR; };
		1D34A6852445F9FC00882EEE /* AppDelegate.swift */ = {isa = PBXFileReference; lastKnownFileType = sourcecode.swift; path = AppDelegate.swift; sourceTree = "<group>"; };
		1D34A6872445F9FC00882EEE /* SceneDelegate.swift */ = {isa = PBXFileReference; lastKnownFileType = sourcecode.swift; path = SceneDelegate.swift; sourceTree = "<group>"; };
		1D34A6892445F9FC00882EEE /* ContentView.swift */ = {isa = PBXFileReference; lastKnownFileType = sourcecode.swift; path = ContentView.swift; sourceTree = "<group>"; };
		1D34A68B2445F9FF00882EEE /* BricksAssets.xcassets */ = {isa = PBXFileReference; lastKnownFileType = folder.assetcatalog; path = BricksAssets.xcassets; sourceTree = "<group>"; };
		1D34A68E2445F9FF00882EEE /* Preview Assets.xcassets */ = {isa = PBXFileReference; lastKnownFileType = folder.assetcatalog; path = "Preview Assets.xcassets"; sourceTree = "<group>"; };
		1D34A6912445F9FF00882EEE /* Base */ = {isa = PBXFileReference; lastKnownFileType = file.storyboard; name = Base; path = Base.lproj/LaunchScreen.storyboard; sourceTree = "<group>"; };
		1D34A6932445F9FF00882EEE /* Info.plist */ = {isa = PBXFileReference; lastKnownFileType = text.plist.xml; path = Info.plist; sourceTree = "<group>"; };
		1D34A6992448CEA900882EEE /* Typography.swift */ = {isa = PBXFileReference; lastKnownFileType = sourcecode.swift; path = Typography.swift; sourceTree = "<group>"; };
		1DB2E0F4245830DD00FB1DE6 /* Colors.swift */ = {isa = PBXFileReference; lastKnownFileType = sourcecode.swift; path = Colors.swift; sourceTree = "<group>"; };
		1DED6063245F335600AD1122 /* Toggles.swift */ = {isa = PBXFileReference; lastKnownFileType = sourcecode.swift; path = Toggles.swift; sourceTree = "<group>"; };
		1DED6065245F7A4E00AD1122 /* Checkboxes.swift */ = {isa = PBXFileReference; lastKnownFileType = sourcecode.swift; path = Checkboxes.swift; sourceTree = "<group>"; };
		641DA566245E2C7C00B49043 /* TextField.swift */ = {isa = PBXFileReference; lastKnownFileType = sourcecode.swift; path = TextField.swift; sourceTree = "<group>"; };
		64DF075824646C8700EB2879 /* Assets.xcassets */ = {isa = PBXFileReference; lastKnownFileType = folder.assetcatalog; path = Assets.xcassets; sourceTree = "<group>"; };
		94812A8C2462B25C00E3D105 /* RadioButton.swift */ = {isa = PBXFileReference; lastKnownFileType = sourcecode.swift; path = RadioButton.swift; sourceTree = "<group>"; };
		94F3F6B1245D9142000BC2C5 /* Buttons.swift */ = {isa = PBXFileReference; lastKnownFileType = sourcecode.swift; path = Buttons.swift; sourceTree = "<group>"; };
		C81C44712463EA7E0037B0B2 /* GroupButtonStyle.swift */ = {isa = PBXFileReference; lastKnownFileType = sourcecode.swift; path = GroupButtonStyle.swift; sourceTree = "<group>"; };
		C81C44732463ECC30037B0B2 /* GroupButtonStyle+Extensions.swift */ = {isa = PBXFileReference; lastKnownFileType = sourcecode.swift; path = "GroupButtonStyle+Extensions.swift"; sourceTree = "<group>"; };
		C8D15B8D245CB6FC004B1843 /* Images.swift */ = {isa = PBXFileReference; lastKnownFileType = sourcecode.swift; path = Images.swift; sourceTree = "<group>"; };
		C8D15B8F245CC7FA004B1843 /* RoundedCorner.swift */ = {isa = PBXFileReference; lastKnownFileType = sourcecode.swift; path = RoundedCorner.swift; sourceTree = "<group>"; };
/* End PBXFileReference section */

/* Begin PBXFrameworksBuildPhase section */
		1D34A67F2445F9FC00882EEE /* Frameworks */ = {
			isa = PBXFrameworksBuildPhase;
			buildActionMask = 2147483647;
			files = (
			);
			runOnlyForDeploymentPostprocessing = 0;
		};
/* End PBXFrameworksBuildPhase section */

/* Begin PBXGroup section */
		1D34A6792445F9FC00882EEE = {
			isa = PBXGroup;
			children = (
				64873907246466500092ED5D /* YourProject */,
				1D34A6842445F9FC00882EEE /* BricksUI */,
				1D34A6832445F9FC00882EEE /* Products */,
			);
			sourceTree = "<group>";
		};
		1D34A6832445F9FC00882EEE /* Products */ = {
			isa = PBXGroup;
			children = (
				1D34A6822445F9FC00882EEE /* BricksUI.app */,
			);
			name = Products;
			sourceTree = "<group>";
		};
		1D34A6842445F9FC00882EEE /* BricksUI */ = {
			isa = PBXGroup;
			children = (
				1D34A6992448CEA900882EEE /* Typography.swift */,
				1DB2E0F4245830DD00FB1DE6 /* Colors.swift */,
				94F3F6B1245D9142000BC2C5 /* Buttons.swift */,
				C81C44712463EA7E0037B0B2 /* GroupButtonStyle.swift */,
				94812A8C2462B25C00E3D105 /* RadioButton.swift */,
				1DED6065245F7A4E00AD1122 /* Checkboxes.swift */,
				1DED6063245F335600AD1122 /* Toggles.swift */,
				641DA566245E2C7C00B49043 /* TextField.swift */,
				C8D15B8D245CB6FC004B1843 /* Images.swift */,
				1D34A68B2445F9FF00882EEE /* BricksAssets.xcassets */,
				C8D15B91245CC867004B1843 /* Helpers */,
			);
			path = BricksUI;
			sourceTree = "<group>";
		};
		1D34A68D2445F9FF00882EEE /* Preview Content */ = {
			isa = PBXGroup;
			children = (
				1D34A68E2445F9FF00882EEE /* Preview Assets.xcassets */,
			);
			path = "Preview Content";
			sourceTree = "<group>";
		};
		64873907246466500092ED5D /* YourProject */ = {
			isa = PBXGroup;
			children = (
				1D34A6852445F9FC00882EEE /* AppDelegate.swift */,
				1D34A6872445F9FC00882EEE /* SceneDelegate.swift */,
				1D34A6892445F9FC00882EEE /* ContentView.swift */,
				1D34A6932445F9FF00882EEE /* Info.plist */,
				1D34A6902445F9FF00882EEE /* LaunchScreen.storyboard */,
				64DF075824646C8700EB2879 /* Assets.xcassets */,
				1D34A68D2445F9FF00882EEE /* Preview Content */,
			);
			path = YourProject;
			sourceTree = "<group>";
		};
		C8D15B91245CC867004B1843 /* Helpers */ = {
			isa = PBXGroup;
			children = (
				C8D15B8F245CC7FA004B1843 /* RoundedCorner.swift */,
				C81C44732463ECC30037B0B2 /* GroupButtonStyle+Extensions.swift */,
			);
			path = Helpers;
			sourceTree = "<group>";
		};
/* End PBXGroup section */

/* Begin PBXNativeTarget section */
		1D34A6812445F9FC00882EEE /* BricksUI */ = {
			isa = PBXNativeTarget;
			buildConfigurationList = 1D34A6962445F9FF00882EEE /* Build configuration list for PBXNativeTarget "BricksUI" */;
			buildPhases = (
				1D34A67E2445F9FC00882EEE /* Sources */,
				1D34A67F2445F9FC00882EEE /* Frameworks */,
				1D34A6802445F9FC00882EEE /* Resources */,
			);
			buildRules = (
			);
			dependencies = (
			);
			name = BricksUI;
			productName = BricksUI;
			productReference = 1D34A6822445F9FC00882EEE /* BricksUI.app */;
			productType = "com.apple.product-type.application";
		};
/* End PBXNativeTarget section */

/* Begin PBXProject section */
		1D34A67A2445F9FC00882EEE /* Project object */ = {
			isa = PBXProject;
			attributes = {
				LastSwiftUpdateCheck = 1140;
				LastUpgradeCheck = 1140;
				ORGANIZATIONNAME = "Fabio Staiano";
				TargetAttributes = {
					1D34A6812445F9FC00882EEE = {
						CreatedOnToolsVersion = 11.4;
					};
				};
			};
			buildConfigurationList = 1D34A67D2445F9FC00882EEE /* Build configuration list for PBXProject "BricksUI" */;
			compatibilityVersion = "Xcode 9.3";
			developmentRegion = en;
			hasScannedForEncodings = 0;
			knownRegions = (
				en,
				Base,
			);
			mainGroup = 1D34A6792445F9FC00882EEE;
			productRefGroup = 1D34A6832445F9FC00882EEE /* Products */;
			projectDirPath = "";
			projectRoot = "";
			targets = (
				1D34A6812445F9FC00882EEE /* BricksUI */,
			);
		};
/* End PBXProject section */

/* Begin PBXResourcesBuildPhase section */
		1D34A6802445F9FC00882EEE /* Resources */ = {
			isa = PBXResourcesBuildPhase;
			buildActionMask = 2147483647;
			files = (
				1D34A6922445F9FF00882EEE /* LaunchScreen.storyboard in Resources */,
				1D34A68F2445F9FF00882EEE /* Preview Assets.xcassets in Resources */,
				64DF075924646C8700EB2879 /* Assets.xcassets in Resources */,
				1D34A68C2445F9FF00882EEE /* BricksAssets.xcassets in Resources */,
			);
			runOnlyForDeploymentPostprocessing = 0;
		};
/* End PBXResourcesBuildPhase section */

/* Begin PBXSourcesBuildPhase section */
		1D34A67E2445F9FC00882EEE /* Sources */ = {
			isa = PBXSourcesBuildPhase;
			buildActionMask = 2147483647;
			files = (
				1D34A6862445F9FC00882EEE /* AppDelegate.swift in Sources */,
				C8D15B8E245CB6FC004B1843 /* Images.swift in Sources */,
				1D34A6882445F9FC00882EEE /* SceneDelegate.swift in Sources */,
				641DA567245E2C7C00B49043 /* TextField.swift in Sources */,
				1DB2E0F5245830DD00FB1DE6 /* Colors.swift in Sources */,
				94F3F6B2245D9142000BC2C5 /* Buttons.swift in Sources */,
				94812A8D2462B25C00E3D105 /* RadioButton.swift in Sources */,
				1DED6064245F335600AD1122 /* Toggles.swift in Sources */,
				1D34A69A2448CEA900882EEE /* Typography.swift in Sources */,
				C81C44742463ECC30037B0B2 /* GroupButtonStyle+Extensions.swift in Sources */,
				1DED6066245F7A4E00AD1122 /* Checkboxes.swift in Sources */,
				C81C44722463EA7E0037B0B2 /* GroupButtonStyle.swift in Sources */,
				1D34A68A2445F9FC00882EEE /* ContentView.swift in Sources */,
				C8D15B90245CC7FA004B1843 /* RoundedCorner.swift in Sources */,
			);
			runOnlyForDeploymentPostprocessing = 0;
		};
/* End PBXSourcesBuildPhase section */

/* Begin PBXVariantGroup section */
		1D34A6902445F9FF00882EEE /* LaunchScreen.storyboard */ = {
			isa = PBXVariantGroup;
			children = (
				1D34A6912445F9FF00882EEE /* Base */,
			);
			name = LaunchScreen.storyboard;
			sourceTree = "<group>";
		};
/* End PBXVariantGroup section */

/* Begin XCBuildConfiguration section */
		1D34A6942445F9FF00882EEE /* Debug */ = {
			isa = XCBuildConfiguration;
			buildSettings = {
				ALWAYS_SEARCH_USER_PATHS = NO;
				CLANG_ANALYZER_NONNULL = YES;
				CLANG_ANALYZER_NUMBER_OBJECT_CONVERSION = YES_AGGRESSIVE;
				CLANG_CXX_LANGUAGE_STANDARD = "gnu++14";
				CLANG_CXX_LIBRARY = "libc++";
				CLANG_ENABLE_MODULES = YES;
				CLANG_ENABLE_OBJC_ARC = YES;
				CLANG_ENABLE_OBJC_WEAK = YES;
				CLANG_WARN_BLOCK_CAPTURE_AUTORELEASING = YES;
				CLANG_WARN_BOOL_CONVERSION = YES;
				CLANG_WARN_COMMA = YES;
				CLANG_WARN_CONSTANT_CONVERSION = YES;
				CLANG_WARN_DEPRECATED_OBJC_IMPLEMENTATIONS = YES;
				CLANG_WARN_DIRECT_OBJC_ISA_USAGE = YES_ERROR;
				CLANG_WARN_DOCUMENTATION_COMMENTS = YES;
				CLANG_WARN_EMPTY_BODY = YES;
				CLANG_WARN_ENUM_CONVERSION = YES;
				CLANG_WARN_INFINITE_RECURSION = YES;
				CLANG_WARN_INT_CONVERSION = YES;
				CLANG_WARN_NON_LITERAL_NULL_CONVERSION = YES;
				CLANG_WARN_OBJC_IMPLICIT_RETAIN_SELF = YES;
				CLANG_WARN_OBJC_LITERAL_CONVERSION = YES;
				CLANG_WARN_OBJC_ROOT_CLASS = YES_ERROR;
				CLANG_WARN_RANGE_LOOP_ANALYSIS = YES;
				CLANG_WARN_STRICT_PROTOTYPES = YES;
				CLANG_WARN_SUSPICIOUS_MOVE = YES;
				CLANG_WARN_UNGUARDED_AVAILABILITY = YES_AGGRESSIVE;
				CLANG_WARN_UNREACHABLE_CODE = YES;
				CLANG_WARN__DUPLICATE_METHOD_MATCH = YES;
				COPY_PHASE_STRIP = NO;
				DEBUG_INFORMATION_FORMAT = dwarf;
				ENABLE_STRICT_OBJC_MSGSEND = YES;
				ENABLE_TESTABILITY = YES;
				GCC_C_LANGUAGE_STANDARD = gnu11;
				GCC_DYNAMIC_NO_PIC = NO;
				GCC_NO_COMMON_BLOCKS = YES;
				GCC_OPTIMIZATION_LEVEL = 0;
				GCC_PREPROCESSOR_DEFINITIONS = (
					"DEBUG=1",
					"$(inherited)",
				);
				GCC_WARN_64_TO_32_BIT_CONVERSION = YES;
				GCC_WARN_ABOUT_RETURN_TYPE = YES_ERROR;
				GCC_WARN_UNDECLARED_SELECTOR = YES;
				GCC_WARN_UNINITIALIZED_AUTOS = YES_AGGRESSIVE;
				GCC_WARN_UNUSED_FUNCTION = YES;
				GCC_WARN_UNUSED_VARIABLE = YES;
				IPHONEOS_DEPLOYMENT_TARGET = 13.4;
				MTL_ENABLE_DEBUG_INFO = INCLUDE_SOURCE;
				MTL_FAST_MATH = YES;
				ONLY_ACTIVE_ARCH = YES;
				SDKROOT = iphoneos;
				SWIFT_ACTIVE_COMPILATION_CONDITIONS = DEBUG;
				SWIFT_OPTIMIZATION_LEVEL = "-Onone";
			};
			name = Debug;
		};
		1D34A6952445F9FF00882EEE /* Release */ = {
			isa = XCBuildConfiguration;
			buildSettings = {
				ALWAYS_SEARCH_USER_PATHS = NO;
				CLANG_ANALYZER_NONNULL = YES;
				CLANG_ANALYZER_NUMBER_OBJECT_CONVERSION = YES_AGGRESSIVE;
				CLANG_CXX_LANGUAGE_STANDARD = "gnu++14";
				CLANG_CXX_LIBRARY = "libc++";
				CLANG_ENABLE_MODULES = YES;
				CLANG_ENABLE_OBJC_ARC = YES;
				CLANG_ENABLE_OBJC_WEAK = YES;
				CLANG_WARN_BLOCK_CAPTURE_AUTORELEASING = YES;
				CLANG_WARN_BOOL_CONVERSION = YES;
				CLANG_WARN_COMMA = YES;
				CLANG_WARN_CONSTANT_CONVERSION = YES;
				CLANG_WARN_DEPRECATED_OBJC_IMPLEMENTATIONS = YES;
				CLANG_WARN_DIRECT_OBJC_ISA_USAGE = YES_ERROR;
				CLANG_WARN_DOCUMENTATION_COMMENTS = YES;
				CLANG_WARN_EMPTY_BODY = YES;
				CLANG_WARN_ENUM_CONVERSION = YES;
				CLANG_WARN_INFINITE_RECURSION = YES;
				CLANG_WARN_INT_CONVERSION = YES;
				CLANG_WARN_NON_LITERAL_NULL_CONVERSION = YES;
				CLANG_WARN_OBJC_IMPLICIT_RETAIN_SELF = YES;
				CLANG_WARN_OBJC_LITERAL_CONVERSION = YES;
				CLANG_WARN_OBJC_ROOT_CLASS = YES_ERROR;
				CLANG_WARN_RANGE_LOOP_ANALYSIS = YES;
				CLANG_WARN_STRICT_PROTOTYPES = YES;
				CLANG_WARN_SUSPICIOUS_MOVE = YES;
				CLANG_WARN_UNGUARDED_AVAILABILITY = YES_AGGRESSIVE;
				CLANG_WARN_UNREACHABLE_CODE = YES;
				CLANG_WARN__DUPLICATE_METHOD_MATCH = YES;
				COPY_PHASE_STRIP = NO;
				DEBUG_INFORMATION_FORMAT = "dwarf-with-dsym";
				ENABLE_NS_ASSERTIONS = NO;
				ENABLE_STRICT_OBJC_MSGSEND = YES;
				GCC_C_LANGUAGE_STANDARD = gnu11;
				GCC_NO_COMMON_BLOCKS = YES;
				GCC_WARN_64_TO_32_BIT_CONVERSION = YES;
				GCC_WARN_ABOUT_RETURN_TYPE = YES_ERROR;
				GCC_WARN_UNDECLARED_SELECTOR = YES;
				GCC_WARN_UNINITIALIZED_AUTOS = YES_AGGRESSIVE;
				GCC_WARN_UNUSED_FUNCTION = YES;
				GCC_WARN_UNUSED_VARIABLE = YES;
				IPHONEOS_DEPLOYMENT_TARGET = 13.4;
				MTL_ENABLE_DEBUG_INFO = NO;
				MTL_FAST_MATH = YES;
				SDKROOT = iphoneos;
				SWIFT_COMPILATION_MODE = wholemodule;
				SWIFT_OPTIMIZATION_LEVEL = "-O";
				VALIDATE_PRODUCT = YES;
			};
			name = Release;
		};
		1D34A6972445F9FF00882EEE /* Debug */ = {
			isa = XCBuildConfiguration;
			buildSettings = {
				ASSETCATALOG_COMPILER_APPICON_NAME = AppIcon;
				CODE_SIGN_STYLE = Automatic;
				DEVELOPMENT_ASSET_PATHS = "\"YourProject/Preview Content\"";
				DEVELOPMENT_TEAM = 64NY4V9RTQ;
				ENABLE_PREVIEWS = YES;
				INFOPLIST_FILE = YourProject/Info.plist;
				IPHONEOS_DEPLOYMENT_TARGET = 13.0;
				LD_RUNPATH_SEARCH_PATHS = (
					"$(inherited)",
					"@executable_path/Frameworks",
				);
				PRODUCT_BUNDLE_IDENTIFIER = com.coolgroup.BricksUI;
				PRODUCT_NAME = "$(TARGET_NAME)";
				SWIFT_VERSION = 5.0;
				TARGETED_DEVICE_FAMILY = "1,2";
			};
			name = Debug;
		};
		1D34A6982445F9FF00882EEE /* Release */ = {
			isa = XCBuildConfiguration;
			buildSettings = {
				ASSETCATALOG_COMPILER_APPICON_NAME = AppIcon;
				CODE_SIGN_STYLE = Automatic;
				DEVELOPMENT_ASSET_PATHS = "\"YourProject/Preview Content\"";
				DEVELOPMENT_TEAM = 64NY4V9RTQ;
				ENABLE_PREVIEWS = YES;
				INFOPLIST_FILE = YourProject/Info.plist;
				IPHONEOS_DEPLOYMENT_TARGET = 13.0;
				LD_RUNPATH_SEARCH_PATHS = (
					"$(inherited)",
					"@executable_path/Frameworks",
				);
				PRODUCT_BUNDLE_IDENTIFIER = com.coolgroup.BricksUI;
				PRODUCT_NAME = "$(TARGET_NAME)";
				SWIFT_VERSION = 5.0;
				TARGETED_DEVICE_FAMILY = "1,2";
			};
			name = Release;
		};
/* End XCBuildConfiguration section */

/* Begin XCConfigurationList section */
		1D34A67D2445F9FC00882EEE /* Build configuration list for PBXProject "BricksUI" */ = {
			isa = XCConfigurationList;
			buildConfigurations = (
				1D34A6942445F9FF00882EEE /* Debug */,
				1D34A6952445F9FF00882EEE /* Release */,
			);
			defaultConfigurationIsVisible = 0;
			defaultConfigurationName = Release;
		};
		1D34A6962445F9FF00882EEE /* Build configuration list for PBXNativeTarget "BricksUI" */ = {
			isa = XCConfigurationList;
			buildConfigurations = (
				1D34A6972445F9FF00882EEE /* Debug */,
				1D34A6982445F9FF00882EEE /* Release */,
			);
			defaultConfigurationIsVisible = 0;
			defaultConfigurationName = Release;
		};
/* End XCConfigurationList section */
	};
	rootObject = 1D34A67A2445F9FC00882EEE /* Project object */;
}
